
Microsoft Visual Studio Solution File, Format Version 12.00
# Visual Studio Version 17
VisualStudioVersion = 17.1.32210.238
MinimumVisualStudioVersion = 10.0.40219.1
Project("{888888A0-9F3D-457C-B088-3A5042F75D52}") = "TSemana3 Progra3", "TSemana3 Progra3\TSemana3 Progra3.pyproj", "{0B3A3E7B-5774-478B-B26A-7CDEB292399B}"
EndProject
Global
	GlobalSection(SolutionConfigurationPlatforms) = preSolution
		Debug|Any CPU = Debug|Any CPU
		Release|Any CPU = Release|Any CPU
	EndGlobalSection
	GlobalSection(ProjectConfigurationPlatforms) = postSolution
		{0B3A3E7B-5774-478B-B26A-7CDEB292399B}.Debug|Any CPU.ActiveCfg = Debug|Any CPU
		{0B3A3E7B-5774-478B-B26A-7CDEB292399B}.Release|Any CPU.ActiveCfg = Release|Any CPU
	EndGlobalSection
	GlobalSection(SolutionProperties) = preSolution
		HideSolutionNode = FALSE
	EndGlobalSection
	GlobalSection(ExtensibilityGlobals) = postSolution
		SolutionGuid = {D1AB3E81-80D3-48AA-9262-31152BEF0356}
	EndGlobalSection
EndGlobal
